
Microsoft Visual Studio Solution File, Format Version 12.00
Project("{2150E333-8FDC-42A3-9474-1A3956D46DE8}") = "src", "src", "{27F3FC76-5A47-4F87-84A8-41CC6F19F617}"
EndProject
Project("{FAE04EC0-301F-11D3-BF4B-00C04F79EFBC}") = "SortTask.Sorter", "src\SortTask.Sorter\SortTask.Sorter.csproj", "{0395819D-68BF-4428-BAB5-CC32EC917EEA}"
EndProject
Global
	GlobalSection(SolutionConfigurationPlatforms) = preSolution
		Debug|Any CPU = Debug|Any CPU
		Release|Any CPU = Release|Any CPU
	EndGlobalSection
	GlobalSection(ProjectConfigurationPlatforms) = postSolution
		{0395819D-68BF-4428-BAB5-CC32EC917EEA}.Debug|Any CPU.ActiveCfg = Debug|Any CPU
		{0395819D-68BF-4428-BAB5-CC32EC917EEA}.Debug|Any CPU.Build.0 = Debug|Any CPU
		{0395819D-68BF-4428-BAB5-CC32EC917EEA}.Release|Any CPU.ActiveCfg = Release|Any CPU
		{0395819D-68BF-4428-BAB5-CC32EC917EEA}.Release|Any CPU.Build.0 = Release|Any CPU
	EndGlobalSection
	GlobalSection(NestedProjects) = preSolution
		{0395819D-68BF-4428-BAB5-CC32EC917EEA} = {27F3FC76-5A47-4F87-84A8-41CC6F19F617}
	EndGlobalSection
EndGlobal
