
Microsoft Visual Studio Solution File, Format Version 12.00
Project("{2150E333-8FDC-42A3-9474-1A3956D46DE8}") = "src", "src", "{27F3FC76-5A47-4F87-84A8-41CC6F19F617}"
EndProject
Project("{FAE04EC0-301F-11D3-BF4B-00C04F79EFBC}") = "SortTask.Sorter", "src\SortTask.Sorter\SortTask.Sorter.csproj", "{0395819D-68BF-4428-BAB5-CC32EC917EEA}"
EndProject
Project("{FAE04EC0-301F-11D3-BF4B-00C04F79EFBC}") = "SortTask.Domain", "src\SortTask.Domain\SortTask.Domain.csproj", "{316EE352-EB64-495C-920A-B171BF71F9B0}"
EndProject
Project("{FAE04EC0-301F-11D3-BF4B-00C04F79EFBC}") = "SortTask.TestFileCreator", "src\SortTask.TestFileCreator\SortTask.TestFileCreator.csproj", "{3C383604-A743-4EE8-BF4C-B7A75A8DCF81}"
EndProject
Project("{2150E333-8FDC-42A3-9474-1A3956D46DE8}") = "test", "test", "{E7C6EEA6-6F3B-40BE-B5C8-F02CA4880C0F}"
EndProject
Project("{FAE04EC0-301F-11D3-BF4B-00C04F79EFBC}") = "SortTask.Domain.Test", "test\SortTask.Domain.Test\SortTask.Domain.Test.csproj", "{383F89B0-15C2-4472-BA68-663E5D281471}"
EndProject
Project("{FAE04EC0-301F-11D3-BF4B-00C04F79EFBC}") = "SortTask.Adapter", "src\SortTask.Adapter\SortTask.Adapter.csproj", "{80531F85-6B67-4A39-9A69-74F0B54FFCFF}"
EndProject
Project("{FAE04EC0-301F-11D3-BF4B-00C04F79EFBC}") = "SortTask.Application", "src\SortTask.Application\SortTask.Application.csproj", "{E46A90AD-B5CD-44D6-952F-2DE544F4D83E}"
EndProject
Project("{FAE04EC0-301F-11D3-BF4B-00C04F79EFBC}") = "SortTask.Adapter.Test", "test\SortTask.Adapter.Test\SortTask.Adapter.Test.csproj", "{A6D8D79B-86B2-468B-BE40-56268251FF52}"
EndProject
Global
	GlobalSection(SolutionConfigurationPlatforms) = preSolution
		Debug|Any CPU = Debug|Any CPU
		Release|Any CPU = Release|Any CPU
	EndGlobalSection
	GlobalSection(ProjectConfigurationPlatforms) = postSolution
		{0395819D-68BF-4428-BAB5-CC32EC917EEA}.Debug|Any CPU.ActiveCfg = Debug|Any CPU
		{0395819D-68BF-4428-BAB5-CC32EC917EEA}.Debug|Any CPU.Build.0 = Debug|Any CPU
		{0395819D-68BF-4428-BAB5-CC32EC917EEA}.Release|Any CPU.ActiveCfg = Release|Any CPU
		{0395819D-68BF-4428-BAB5-CC32EC917EEA}.Release|Any CPU.Build.0 = Release|Any CPU
		{316EE352-EB64-495C-920A-B171BF71F9B0}.Debug|Any CPU.ActiveCfg = Debug|Any CPU
		{316EE352-EB64-495C-920A-B171BF71F9B0}.Debug|Any CPU.Build.0 = Debug|Any CPU
		{316EE352-EB64-495C-920A-B171BF71F9B0}.Release|Any CPU.ActiveCfg = Release|Any CPU
		{316EE352-EB64-495C-920A-B171BF71F9B0}.Release|Any CPU.Build.0 = Release|Any CPU
		{3C383604-A743-4EE8-BF4C-B7A75A8DCF81}.Debug|Any CPU.ActiveCfg = Debug|Any CPU
		{3C383604-A743-4EE8-BF4C-B7A75A8DCF81}.Debug|Any CPU.Build.0 = Debug|Any CPU
		{3C383604-A743-4EE8-BF4C-B7A75A8DCF81}.Release|Any CPU.ActiveCfg = Release|Any CPU
		{3C383604-A743-4EE8-BF4C-B7A75A8DCF81}.Release|Any CPU.Build.0 = Release|Any CPU
		{383F89B0-15C2-4472-BA68-663E5D281471}.Debug|Any CPU.ActiveCfg = Debug|Any CPU
		{383F89B0-15C2-4472-BA68-663E5D281471}.Debug|Any CPU.Build.0 = Debug|Any CPU
		{383F89B0-15C2-4472-BA68-663E5D281471}.Release|Any CPU.ActiveCfg = Release|Any CPU
		{383F89B0-15C2-4472-BA68-663E5D281471}.Release|Any CPU.Build.0 = Release|Any CPU
		{80531F85-6B67-4A39-9A69-74F0B54FFCFF}.Debug|Any CPU.ActiveCfg = Debug|Any CPU
		{80531F85-6B67-4A39-9A69-74F0B54FFCFF}.Debug|Any CPU.Build.0 = Debug|Any CPU
		{80531F85-6B67-4A39-9A69-74F0B54FFCFF}.Release|Any CPU.ActiveCfg = Release|Any CPU
		{80531F85-6B67-4A39-9A69-74F0B54FFCFF}.Release|Any CPU.Build.0 = Release|Any CPU
		{E46A90AD-B5CD-44D6-952F-2DE544F4D83E}.Debug|Any CPU.ActiveCfg = Debug|Any CPU
		{E46A90AD-B5CD-44D6-952F-2DE544F4D83E}.Debug|Any CPU.Build.0 = Debug|Any CPU
		{E46A90AD-B5CD-44D6-952F-2DE544F4D83E}.Release|Any CPU.ActiveCfg = Release|Any CPU
		{E46A90AD-B5CD-44D6-952F-2DE544F4D83E}.Release|Any CPU.Build.0 = Release|Any CPU
		{A6D8D79B-86B2-468B-BE40-56268251FF52}.Debug|Any CPU.ActiveCfg = Debug|Any CPU
		{A6D8D79B-86B2-468B-BE40-56268251FF52}.Debug|Any CPU.Build.0 = Debug|Any CPU
		{A6D8D79B-86B2-468B-BE40-56268251FF52}.Release|Any CPU.ActiveCfg = Release|Any CPU
		{A6D8D79B-86B2-468B-BE40-56268251FF52}.Release|Any CPU.Build.0 = Release|Any CPU
	EndGlobalSection
	GlobalSection(NestedProjects) = preSolution
		{0395819D-68BF-4428-BAB5-CC32EC917EEA} = {27F3FC76-5A47-4F87-84A8-41CC6F19F617}
		{316EE352-EB64-495C-920A-B171BF71F9B0} = {27F3FC76-5A47-4F87-84A8-41CC6F19F617}
		{3C383604-A743-4EE8-BF4C-B7A75A8DCF81} = {27F3FC76-5A47-4F87-84A8-41CC6F19F617}
		{383F89B0-15C2-4472-BA68-663E5D281471} = {E7C6EEA6-6F3B-40BE-B5C8-F02CA4880C0F}
		{80531F85-6B67-4A39-9A69-74F0B54FFCFF} = {27F3FC76-5A47-4F87-84A8-41CC6F19F617}
		{E46A90AD-B5CD-44D6-952F-2DE544F4D83E} = {27F3FC76-5A47-4F87-84A8-41CC6F19F617}
		{A6D8D79B-86B2-468B-BE40-56268251FF52} = {E7C6EEA6-6F3B-40BE-B5C8-F02CA4880C0F}
	EndGlobalSection
EndGlobal
